
Microsoft Visual Studio Solution File, Format Version 12.00
# Visual Studio Version 17
VisualStudioVersion = 17.7.34024.191
MinimumVisualStudioVersion = 10.0.40219.1
Project("{FAE04EC0-301F-11D3-BF4B-00C04F79EFBC}") = "Lagalt_backend", "Lagalt_backend\Lagalt_backend.csproj", "{E69E0BCC-A05A-4E20-A953-AC129D10497C}"
EndProject
Global
	GlobalSection(SolutionConfigurationPlatforms) = preSolution
		Debug|Any CPU = Debug|Any CPU
		Release|Any CPU = Release|Any CPU
	EndGlobalSection
	GlobalSection(ProjectConfigurationPlatforms) = postSolution
		{E69E0BCC-A05A-4E20-A953-AC129D10497C}.Debug|Any CPU.ActiveCfg = Debug|Any CPU
		{E69E0BCC-A05A-4E20-A953-AC129D10497C}.Debug|Any CPU.Build.0 = Debug|Any CPU
		{E69E0BCC-A05A-4E20-A953-AC129D10497C}.Release|Any CPU.ActiveCfg = Release|Any CPU
		{E69E0BCC-A05A-4E20-A953-AC129D10497C}.Release|Any CPU.Build.0 = Release|Any CPU
	EndGlobalSection
	GlobalSection(SolutionProperties) = preSolution
		HideSolutionNode = FALSE
	EndGlobalSection
	GlobalSection(ExtensibilityGlobals) = postSolution
		SolutionGuid = {574712CC-3E56-431B-ADD8-DDE036FDE08F}
	EndGlobalSection
EndGlobal
